{
  "name": "mail-intelligence-plugin",
  "version": "0.1.0",
  "lockfileVersion": 3,
  "requires": true,
  "packages": {
    "": {
      "name": "mail-intelligence-plugin",
      "version": "0.1.0",
      "dependencies": {
        "@sinclair/typebox": "0.34.49",
        "openclaw": "file:../../../../../../AppData/Roaming/npm/node_modules/openclaw"
      }
    },
    "../../../../../../AppData/Roaming/npm/node_modules/openclaw": {},
    "node_modules/@sinclair/typebox": {
      "version": "0.34.49",
      "resolved": "https://registry.npmjs.org/@sinclair/typebox/-/typebox-0.34.49.tgz",
      "integrity": "sha512-brySQQs7Jtn0joV8Xh9ZV/hZb9Ozb0pmazDIASBkYKCjXrXU3mpcFahmK/z4YDhGkQvP9mWJbVyahdtU5wQA+A==",
      "license": "MIT"
    },
    "node_modules/openclaw": {
      "resolved": "../../../../../../AppData/Roaming/npm/node_modules/openclaw",
      "link": true
    }
  }
}
